lockVersion: 2.0.0
id: 89d58921-58c0-44dd-8775-c162fa0fc17b
management:
  docChecksum: aa6977d96a8cc744e4588f1cbcefdde3
  docVersion: 1.0.0
  speakeasyVersion: internal
  generationVersion: 2.275.4
  releaseVersion: 0.6.0
  configChecksum: 96fc50610a0b43d508f193a5c1f6b8b5
  repoURL: https://github.com/speakeasy-sdks/test-py-ryan.git
  repoSubDirectory: .
  installationURL: https://github.com/speakeasy-sdks/test-py-ryan.git
features:
  python:
    core: 4.5.0
    globalServerURLs: 2.82.1
generatedFiles:
  - src/swagger_petstore/sdkconfiguration.py
  - src/swagger_petstore/pets.py
  - src/swagger_petstore/sdk.py
  - pylintrc
  - setup.py
  - src/swagger_petstore/__init__.py
  - src/swagger_petstore/utils/__init__.py
  - src/swagger_petstore/utils/retries.py
  - src/swagger_petstore/utils/utils.py
  - src/swagger_petstore/models/errors/sdkerror.py
  - tests/helpers.py
  - src/swagger_petstore/models/operations/createpets.py
  - src/swagger_petstore/models/operations/listpets.py
  - src/swagger_petstore/models/operations/showpetbyid.py
  - src/swagger_petstore/models/shared/error.py
  - src/swagger_petstore/models/shared/pet.py
  - src/swagger_petstore/models/__init__.py
  - src/swagger_petstore/models/errors/__init__.py
  - src/swagger_petstore/models/operations/__init__.py
  - src/swagger_petstore/models/shared/__init__.py
  - docs/models/operations/createpetsresponse.md
  - docs/models/operations/listpetsrequest.md
  - docs/models/operations/listpetsresponse.md
  - docs/models/operations/showpetbyidrequest.md
  - docs/models/operations/showpetbyidresponse.md
  - docs/models/shared/error.md
  - docs/models/shared/pet.md
  - docs/sdks/swaggerpetstore/README.md
  - docs/sdks/pets/README.md
  - USAGE.md
  - .gitattributes
  - src/swagger_petstore/_hooks/sdkhooks.py
  - src/swagger_petstore/_hooks/types.py
  - src/swagger_petstore/_hooks/__init__.py
